
Microsoft Visual Studio Solution File, Format Version 12.00
# Visual Studio Version 17
VisualStudioVersion = 17.9.34728.123
MinimumVisualStudioVersion = 10.0.40219.1
Project("{FAE04EC0-301F-11D3-BF4B-00C04F79EFBC}") = "SelectionSortImplementation", "SelectionSortImplementation\SelectionSortImplementation.csproj", "{DB3F1149-F9DE-45BE-9E1D-A9CCC6AA9EE8}"
EndProject
Global
	GlobalSection(SolutionConfigurationPlatforms) = preSolution
		Debug|Any CPU = Debug|Any CPU
		Release|Any CPU = Release|Any CPU
	EndGlobalSection
	GlobalSection(ProjectConfigurationPlatforms) = postSolution
		{DB3F1149-F9DE-45BE-9E1D-A9CCC6AA9EE8}.Debug|Any CPU.ActiveCfg = Debug|Any CPU
		{DB3F1149-F9DE-45BE-9E1D-A9CCC6AA9EE8}.Debug|Any CPU.Build.0 = Debug|Any CPU
		{DB3F1149-F9DE-45BE-9E1D-A9CCC6AA9EE8}.Release|Any CPU.ActiveCfg = Release|Any CPU
		{DB3F1149-F9DE-45BE-9E1D-A9CCC6AA9EE8}.Release|Any CPU.Build.0 = Release|Any CPU
	EndGlobalSection
	GlobalSection(SolutionProperties) = preSolution
		HideSolutionNode = FALSE
	EndGlobalSection
	GlobalSection(ExtensibilityGlobals) = postSolution
		SolutionGuid = {C5236E05-5D85-43AA-B654-525AD3DE3731}
	EndGlobalSection
EndGlobal
